// !$*UTF8*$!
{
	archiveVersion = 1;
	classes = {
	};
	objectVersion = 55;
	objects = {

/* Begin PBXBuildFile section */
		041DA85128A9777200709B00 /* TriviaGameApp.swift in Sources */ = {isa = PBXBuildFile; fileRef = 041DA85028A9777200709B00 /* TriviaGameApp.swift */; };
		041DA85328A9777200709B00 /* ContentView.swift in Sources */ = {isa = PBXBuildFile; fileRef = 041DA85228A9777200709B00 /* ContentView.swift */; };
		041DA85528A9777500709B00 /* Assets.xcassets in Resources */ = {isa = PBXBuildFile; fileRef = 041DA85428A9777500709B00 /* Assets.xcassets */; };
		041DA85828A9777500709B00 /* Preview Assets.xcassets in Resources */ = {isa = PBXBuildFile; fileRef = 041DA85728A9777500709B00 /* Preview Assets.xcassets */; };
		041DA86028A97CAE00709B00 /* PrimaryButton.swift in Sources */ = {isa = PBXBuildFile; fileRef = 041DA85F28A97CAE00709B00 /* PrimaryButton.swift */; };
		041DA86328A97D9200709B00 /* Extensions.swift in Sources */ = {isa = PBXBuildFile; fileRef = 041DA86228A97D9200709B00 /* Extensions.swift */; };
		041DA86528A97EE100709B00 /* QuestionView.swift in Sources */ = {isa = PBXBuildFile; fileRef = 041DA86428A97EE100709B00 /* QuestionView.swift */; };
		041DA86728A97F8000709B00 /* ProgressBar.swift in Sources */ = {isa = PBXBuildFile; fileRef = 041DA86628A97F8000709B00 /* ProgressBar.swift */; };
		041DA86A28A98F8F00709B00 /* Answer.swift in Sources */ = {isa = PBXBuildFile; fileRef = 041DA86928A98F8F00709B00 /* Answer.swift */; };
		041DA86C28A98FDC00709B00 /* AnswerRow.swift in Sources */ = {isa = PBXBuildFile; fileRef = 041DA86B28A98FDC00709B00 /* AnswerRow.swift */; };
		041DA86E28A992C400709B00 /* TriviaView.swift in Sources */ = {isa = PBXBuildFile; fileRef = 041DA86D28A992C400709B00 /* TriviaView.swift */; };
		041DA87028A9981D00709B00 /* Trivia.swift in Sources */ = {isa = PBXBuildFile; fileRef = 041DA86F28A9981D00709B00 /* Trivia.swift */; };
		041DA87228A99D4100709B00 /* TriviaManager.swift in Sources */ = {isa = PBXBuildFile; fileRef = 041DA87128A99D4100709B00 /* TriviaManager.swift */; };
/* End PBXBuildFile section */

/* Begin PBXFileReference section */
		041DA84D28A9777200709B00 /* TriviaGame.app */ = {isa = PBXFileReference; explicitFileType = wrapper.application; includeInIndex = 0; path = TriviaGame.app; sourceTree = BUILT_PRODUCTS_DIR; };
		041DA85028A9777200709B00 /* TriviaGameApp.swift */ = {isa = PBXFileReference; lastKnownFileType = sourcecode.swift; path = TriviaGameApp.swift; sourceTree = "<group>"; };
		041DA85228A9777200709B00 /* ContentView.swift */ = {isa = PBXFileReference; lastKnownFileType = sourcecode.swift; path = ContentView.swift; sourceTree = "<group>"; };
		041DA85428A9777500709B00 /* Assets.xcassets */ = {isa = PBXFileReference; lastKnownFileType = folder.assetcatalog; path = Assets.xcassets; sourceTree = "<group>"; };
		041DA85728A9777500709B00 /* Preview Assets.xcassets */ = {isa = PBXFileReference; lastKnownFileType = folder.assetcatalog; path = "Preview Assets.xcassets"; sourceTree = "<group>"; };
		041DA85F28A97CAE00709B00 /* PrimaryButton.swift */ = {isa = PBXFileReference; lastKnownFileType = sourcecode.swift; path = PrimaryButton.swift; sourceTree = "<group>"; };
		041DA86228A97D9200709B00 /* Extensions.swift */ = {isa = PBXFileReference; lastKnownFileType = sourcecode.swift; path = Extensions.swift; sourceTree = "<group>"; };
		041DA86428A97EE100709B00 /* QuestionView.swift */ = {isa = PBXFileReference; lastKnownFileType = sourcecode.swift; path = QuestionView.swift; sourceTree = "<group>"; };
		041DA86628A97F8000709B00 /* ProgressBar.swift */ = {isa = PBXFileReference; lastKnownFileType = sourcecode.swift; path = ProgressBar.swift; sourceTree = "<group>"; };
		041DA86928A98F8F00709B00 /* Answer.swift */ = {isa = PBXFileReference; lastKnownFileType = sourcecode.swift; path = Answer.swift; sourceTree = "<group>"; };
		041DA86B28A98FDC00709B00 /* AnswerRow.swift */ = {isa = PBXFileReference; lastKnownFileType = sourcecode.swift; path = AnswerRow.swift; sourceTree = "<group>"; };
		041DA86D28A992C400709B00 /* TriviaView.swift */ = {isa = PBXFileReference; lastKnownFileType = sourcecode.swift; path = TriviaView.swift; sourceTree = "<group>"; };
		041DA86F28A9981D00709B00 /* Trivia.swift */ = {isa = PBXFileReference; lastKnownFileType = sourcecode.swift; path = Trivia.swift; sourceTree = "<group>"; };
		041DA87128A99D4100709B00 /* TriviaManager.swift */ = {isa = PBXFileReference; lastKnownFileType = sourcecode.swift; path = TriviaManager.swift; sourceTree = "<group>"; };
/* End PBXFileReference section */

/* Begin PBXFrameworksBuildPhase section */
		041DA84A28A9777200709B00 /* Frameworks */ = {
			isa = PBXFrameworksBuildPhase;
			buildActionMask = 2147483647;
			files = (
			);
			runOnlyForDeploymentPostprocessing = 0;
		};
/* End PBXFrameworksBuildPhase section */

/* Begin PBXGroup section */
		041DA84428A9777200709B00 = {
			isa = PBXGroup;
			children = (
				041DA84F28A9777200709B00 /* TriviaGame */,
				041DA84E28A9777200709B00 /* Products */,
			);
			sourceTree = "<group>";
		};
		041DA84E28A9777200709B00 /* Products */ = {
			isa = PBXGroup;
			children = (
				041DA84D28A9777200709B00 /* TriviaGame.app */,
			);
			name = Products;
			sourceTree = "<group>";
		};
		041DA84F28A9777200709B00 /* TriviaGame */ = {
			isa = PBXGroup;
			children = (
				041DA85028A9777200709B00 /* TriviaGameApp.swift */,
				041DA86828A98F8500709B00 /* Models */,
				041DA86128A97D1D00709B00 /* Views */,
				041DA85E28A97C9D00709B00 /* Components */,
				041DA85428A9777500709B00 /* Assets.xcassets */,
				041DA87128A99D4100709B00 /* TriviaManager.swift */,
				041DA85628A9777500709B00 /* Preview Content */,
				041DA86228A97D9200709B00 /* Extensions.swift */,
			);
			path = TriviaGame;
			sourceTree = "<group>";
		};
		041DA85628A9777500709B00 /* Preview Content */ = {
			isa = PBXGroup;
			children = (
				041DA85728A9777500709B00 /* Preview Assets.xcassets */,
			);
			path = "Preview Content";
			sourceTree = "<group>";
		};
		041DA85E28A97C9D00709B00 /* Components */ = {
			isa = PBXGroup;
			children = (
				041DA85F28A97CAE00709B00 /* PrimaryButton.swift */,
				041DA86628A97F8000709B00 /* ProgressBar.swift */,
				041DA86B28A98FDC00709B00 /* AnswerRow.swift */,
			);
			path = Components;
			sourceTree = "<group>";
		};
		041DA86128A97D1D00709B00 /* Views */ = {
			isa = PBXGroup;
			children = (
				041DA85228A9777200709B00 /* ContentView.swift */,
				041DA86428A97EE100709B00 /* QuestionView.swift */,
				041DA86D28A992C400709B00 /* TriviaView.swift */,
			);
			path = Views;
			sourceTree = "<group>";
		};
		041DA86828A98F8500709B00 /* Models */ = {
			isa = PBXGroup;
			children = (
				041DA86928A98F8F00709B00 /* Answer.swift */,
				041DA86F28A9981D00709B00 /* Trivia.swift */,
			);
			path = Models;
			sourceTree = "<group>";
		};
/* End PBXGroup section */

/* Begin PBXNativeTarget section */
		041DA84C28A9777200709B00 /* TriviaGame */ = {
			isa = PBXNativeTarget;
			buildConfigurationList = 041DA85B28A9777500709B00 /* Build configuration list for PBXNativeTarget "TriviaGame" */;
			buildPhases = (
				041DA84928A9777200709B00 /* Sources */,
				041DA84A28A9777200709B00 /* Frameworks */,
				041DA84B28A9777200709B00 /* Resources */,
			);
			buildRules = (
			);
			dependencies = (
			);
			name = TriviaGame;
			productName = TriviaGame;
			productReference = 041DA84D28A9777200709B00 /* TriviaGame.app */;
			productType = "com.apple.product-type.application";
		};
/* End PBXNativeTarget section */

/* Begin PBXProject section */
		041DA84528A9777200709B00 /* Project object */ = {
			isa = PBXProject;
			attributes = {
				BuildIndependentTargetsInParallel = 1;
				LastSwiftUpdateCheck = 1340;
				LastUpgradeCheck = 1340;
				TargetAttributes = {
					041DA84C28A9777200709B00 = {
						CreatedOnToolsVersion = 13.4.1;
					};
				};
			};
			buildConfigurationList = 041DA84828A9777200709B00 /* Build configuration list for PBXProject "TriviaGame" */;
			compatibilityVersion = "Xcode 13.0";
			developmentRegion = en;
			hasScannedForEncodings = 0;
			knownRegions = (
				en,
				Base,
			);
			mainGroup = 041DA84428A9777200709B00;
			productRefGroup = 041DA84E28A9777200709B00 /* Products */;
			projectDirPath = "";
			projectRoot = "";
			targets = (
				041DA84C28A9777200709B00 /* TriviaGame */,
			);
		};
/* End PBXProject section */

/* Begin PBXResourcesBuildPhase section */
		041DA84B28A9777200709B00 /* Resources */ = {
			isa = PBXResourcesBuildPhase;
			buildActionMask = 2147483647;
			files = (
				041DA85828A9777500709B00 /* Preview Assets.xcassets in Resources */,
				041DA85528A9777500709B00 /* Assets.xcassets in Resources */,
			);
			runOnlyForDeploymentPostprocessing = 0;
		};
/* End PBXResourcesBuildPhase section */

/* Begin PBXSourcesBuildPhase section */
		041DA84928A9777200709B00 /* Sources */ = {
			isa = PBXSourcesBuildPhase;
			buildActionMask = 2147483647;
			files = (
				041DA86528A97EE100709B00 /* QuestionView.swift in Sources */,
				041DA86E28A992C400709B00 /* TriviaView.swift in Sources */,
				041DA87028A9981D00709B00 /* Trivia.swift in Sources */,
				041DA86028A97CAE00709B00 /* PrimaryButton.swift in Sources */,
				041DA87228A99D4100709B00 /* TriviaManager.swift in Sources */,
				041DA86C28A98FDC00709B00 /* AnswerRow.swift in Sources */,
				041DA85328A9777200709B00 /* ContentView.swift in Sources */,
				041DA86A28A98F8F00709B00 /* Answer.swift in Sources */,
				041DA85128A9777200709B00 /* TriviaGameApp.swift in Sources */,
				041DA86728A97F8000709B00 /* ProgressBar.swift in Sources */,
				041DA86328A97D9200709B00 /* Extensions.swift in Sources */,
			);
			runOnlyForDeploymentPostprocessing = 0;
		};
/* End PBXSourcesBuildPhase section */

/* Begin XCBuildConfiguration section */
		041DA85928A9777500709B00 /* Debug */ = {
			isa = XCBuildConfiguration;
			buildSettings = {
				ALWAYS_SEARCH_USER_PATHS = NO;
				CLANG_ANALYZER_NONNULL = YES;
				CLANG_ANALYZER_NUMBER_OBJECT_CONVERSION = YES_AGGRESSIVE;
				CLANG_CXX_LANGUAGE_STANDARD = "gnu++17";
				CLANG_ENABLE_MODULES = YES;
				CLANG_ENABLE_OBJC_ARC = YES;
				CLANG_ENABLE_OBJC_WEAK = YES;
				CLANG_WARN_BLOCK_CAPTURE_AUTORELEASING = YES;
				CLANG_WARN_BOOL_CONVERSION = YES;
				CLANG_WARN_COMMA = YES;
				CLANG_WARN_CONSTANT_CONVERSION = YES;
				CLANG_WARN_DEPRECATED_OBJC_IMPLEMENTATIONS = YES;
				CLANG_WARN_DIRECT_OBJC_ISA_USAGE = YES_ERROR;
				CLANG_WARN_DOCUMENTATION_COMMENTS = YES;
				CLANG_WARN_EMPTY_BODY = YES;
				CLANG_WARN_ENUM_CONVERSION = YES;
				CLANG_WARN_INFINITE_RECURSION = YES;
				CLANG_WARN_INT_CONVERSION = YES;
				CLANG_WARN_NON_LITERAL_NULL_CONVERSION = YES;
				CLANG_WARN_OBJC_IMPLICIT_RETAIN_SELF = YES;
				CLANG_WARN_OBJC_LITERAL_CONVERSION = YES;
				CLANG_WARN_OBJC_ROOT_CLASS = YES_ERROR;
				CLANG_WARN_QUOTED_INCLUDE_IN_FRAMEWORK_HEADER = YES;
				CLANG_WARN_RANGE_LOOP_ANALYSIS = YES;
				CLANG_WARN_STRICT_PROTOTYPES = YES;
				CLANG_WARN_SUSPICIOUS_MOVE = YES;
				CLANG_WARN_UNGUARDED_AVAILABILITY = YES_AGGRESSIVE;
				CLANG_WARN_UNREACHABLE_CODE = YES;
				CLANG_WARN__DUPLICATE_METHOD_MATCH = YES;
				COPY_PHASE_STRIP = NO;
				DEBUG_INFORMATION_FORMAT = dwarf;
				ENABLE_STRICT_OBJC_MSGSEND = YES;
				ENABLE_TESTABILITY = YES;
				GCC_C_LANGUAGE_STANDARD = gnu11;
				GCC_DYNAMIC_NO_PIC = NO;
				GCC_NO_COMMON_BLOCKS = YES;
				GCC_OPTIMIZATION_LEVEL = 0;
				GCC_PREPROCESSOR_DEFINITIONS = (
					"DEBUG=1",
					"$(inherited)",
				);
				GCC_WARN_64_TO_32_BIT_CONVERSION = YES;
				GCC_WARN_ABOUT_RETURN_TYPE = YES_ERROR;
				GCC_WARN_UNDECLARED_SELECTOR = YES;
				GCC_WARN_UNINITIALIZED_AUTOS = YES_AGGRESSIVE;
				GCC_WARN_UNUSED_FUNCTION = YES;
				GCC_WARN_UNUSED_VARIABLE = YES;
				IPHONEOS_DEPLOYMENT_TARGET = 15.5;
				MTL_ENABLE_DEBUG_INFO = INCLUDE_SOURCE;
				MTL_FAST_MATH = YES;
				ONLY_ACTIVE_ARCH = YES;
				SDKROOT = iphoneos;
				SWIFT_ACTIVE_COMPILATION_CONDITIONS = DEBUG;
				SWIFT_OPTIMIZATION_LEVEL = "-Onone";
			};
			name = Debug;
		};
		041DA85A28A9777500709B00 /* Release */ = {
			isa = XCBuildConfiguration;
			buildSettings = {
				ALWAYS_SEARCH_USER_PATHS = NO;
				CLANG_ANALYZER_NONNULL = YES;
				CLANG_ANALYZER_NUMBER_OBJECT_CONVERSION = YES_AGGRESSIVE;
				CLANG_CXX_LANGUAGE_STANDARD = "gnu++17";
				CLANG_ENABLE_MODULES = YES;
				CLANG_ENABLE_OBJC_ARC = YES;
				CLANG_ENABLE_OBJC_WEAK = YES;
				CLANG_WARN_BLOCK_CAPTURE_AUTORELEASING = YES;
				CLANG_WARN_BOOL_CONVERSION = YES;
				CLANG_WARN_COMMA = YES;
				CLANG_WARN_CONSTANT_CONVERSION = YES;
				CLANG_WARN_DEPRECATED_OBJC_IMPLEMENTATIONS = YES;
				CLANG_WARN_DIRECT_OBJC_ISA_USAGE = YES_ERROR;
				CLANG_WARN_DOCUMENTATION_COMMENTS = YES;
				CLANG_WARN_EMPTY_BODY = YES;
				CLANG_WARN_ENUM_CONVERSION = YES;
				CLANG_WARN_INFINITE_RECURSION = YES;
				CLANG_WARN_INT_CONVERSION = YES;
				CLANG_WARN_NON_LITERAL_NULL_CONVERSION = YES;
				CLANG_WARN_OBJC_IMPLICIT_RETAIN_SELF = YES;
				CLANG_WARN_OBJC_LITERAL_CONVERSION = YES;
				CLANG_WARN_OBJC_ROOT_CLASS = YES_ERROR;
				CLANG_WARN_QUOTED_INCLUDE_IN_FRAMEWORK_HEADER = YES;
				CLANG_WARN_RANGE_LOOP_ANALYSIS = YES;
				CLANG_WARN_STRICT_PROTOTYPES = YES;
				CLANG_WARN_SUSPICIOUS_MOVE = YES;
				CLANG_WARN_UNGUARDED_AVAILABILITY = YES_AGGRESSIVE;
				CLANG_WARN_UNREACHABLE_CODE = YES;
				CLANG_WARN__DUPLICATE_METHOD_MATCH = YES;
				COPY_PHASE_STRIP = NO;
				DEBUG_INFORMATION_FORMAT = "dwarf-with-dsym";
				ENABLE_NS_ASSERTIONS = NO;
				ENABLE_STRICT_OBJC_MSGSEND = YES;
				GCC_C_LANGUAGE_STANDARD = gnu11;
				GCC_NO_COMMON_BLOCKS = YES;
				GCC_WARN_64_TO_32_BIT_CONVERSION = YES;
				GCC_WARN_ABOUT_RETURN_TYPE = YES_ERROR;
				GCC_WARN_UNDECLARED_SELECTOR = YES;
				GCC_WARN_UNINITIALIZED_AUTOS = YES_AGGRESSIVE;
				GCC_WARN_UNUSED_FUNCTION = YES;
				GCC_WARN_UNUSED_VARIABLE = YES;
				IPHONEOS_DEPLOYMENT_TARGET = 15.5;
				MTL_ENABLE_DEBUG_INFO = NO;
				MTL_FAST_MATH = YES;
				SDKROOT = iphoneos;
				SWIFT_COMPILATION_MODE = wholemodule;
				SWIFT_OPTIMIZATION_LEVEL = "-O";
				VALIDATE_PRODUCT = YES;
			};
			name = Release;
		};
		041DA85C28A9777500709B00 /* Debug */ = {
			isa = XCBuildConfiguration;
			buildSettings = {
				ASSETCATALOG_COMPILER_APPICON_NAME = AppIcon;
				ASSETCATALOG_COMPILER_GLOBAL_ACCENT_COLOR_NAME = AccentColor;
				CODE_SIGN_STYLE = Automatic;
				CURRENT_PROJECT_VERSION = 1;
				DEVELOPMENT_ASSET_PATHS = "\"TriviaGame/Preview Content\"";
				ENABLE_PREVIEWS = YES;
				GENERATE_INFOPLIST_FILE = YES;
				INFOPLIST_KEY_UIApplicationSceneManifest_Generation = YES;
				INFOPLIST_KEY_UIApplicationSupportsIndirectInputEvents = YES;
				INFOPLIST_KEY_UILaunchScreen_Generation = YES;
				INFOPLIST_KEY_UISupportedInterfaceOrientations_iPad = "UIInterfaceOrientationPortrait UIInterfaceOrientationPortraitUpsideDown UIInterfaceOrientationLandscapeLeft UIInterfaceOrientationLandscapeRight";
				INFOPLIST_KEY_UISupportedInterfaceOrientations_iPhone = "UIInterfaceOrientationPortrait UIInterfaceOrientationLandscapeLeft UIInterfaceOrientationLandscapeRight";
				LD_RUNPATH_SEARCH_PATHS = (
					"$(inherited)",
					"@executable_path/Frameworks",
				);
				MARKETING_VERSION = 1.0;
				PRODUCT_BUNDLE_IDENTIFIER = com.isaac.TriviaGame;
				PRODUCT_NAME = "$(TARGET_NAME)";
				SWIFT_EMIT_LOC_STRINGS = YES;
				SWIFT_VERSION = 5.0;
				TARGETED_DEVICE_FAMILY = "1,2";
			};
			name = Debug;
		};
		041DA85D28A9777500709B00 /* Release */ = {
			isa = XCBuildConfiguration;
			buildSettings = {
				ASSETCATALOG_COMPILER_APPICON_NAME = AppIcon;
				ASSETCATALOG_COMPILER_GLOBAL_ACCENT_COLOR_NAME = AccentColor;
				CODE_SIGN_STYLE = Automatic;
				CURRENT_PROJECT_VERSION = 1;
				DEVELOPMENT_ASSET_PATHS = "\"TriviaGame/Preview Content\"";
				ENABLE_PREVIEWS = YES;
				GENERATE_INFOPLIST_FILE = YES;
				INFOPLIST_KEY_UIApplicationSceneManifest_Generation = YES;
				INFOPLIST_KEY_UIApplicationSupportsIndirectInputEvents = YES;
				INFOPLIST_KEY_UILaunchScreen_Generation = YES;
				INFOPLIST_KEY_UISupportedInterfaceOrientations_iPad = "UIInterfaceOrientationPortrait UIInterfaceOrientationPortraitUpsideDown UIInterfaceOrientationLandscapeLeft UIInterfaceOrientationLandscapeRight";
				INFOPLIST_KEY_UISupportedInterfaceOrientations_iPhone = "UIInterfaceOrientationPortrait UIInterfaceOrientationLandscapeLeft UIInterfaceOrientationLandscapeRight";
				LD_RUNPATH_SEARCH_PATHS = (
					"$(inherited)",
					"@executable_path/Frameworks",
				);
				MARKETING_VERSION = 1.0;
				PRODUCT_BUNDLE_IDENTIFIER = com.isaac.TriviaGame;
				PRODUCT_NAME = "$(TARGET_NAME)";
				SWIFT_EMIT_LOC_STRINGS = YES;
				SWIFT_VERSION = 5.0;
				TARGETED_DEVICE_FAMILY = "1,2";
			};
			name = Release;
		};
/* End XCBuildConfiguration section */

/* Begin XCConfigurationList section */
		041DA84828A9777200709B00 /* Build configuration list for PBXProject "TriviaGame" */ = {
			isa = XCConfigurationList;
			buildConfigurations = (
				041DA85928A9777500709B00 /* Debug */,
				041DA85A28A9777500709B00 /* Release */,
			);
			defaultConfigurationIsVisible = 0;
			defaultConfigurationName = Release;
		};
		041DA85B28A9777500709B00 /* Build configuration list for PBXNativeTarget "TriviaGame" */ = {
			isa = XCConfigurationList;
			buildConfigurations = (
				041DA85C28A9777500709B00 /* Debug */,
				041DA85D28A9777500709B00 /* Release */,
			);
			defaultConfigurationIsVisible = 0;
			defaultConfigurationName = Release;
		};
/* End XCConfigurationList section */
	};
	rootObject = 041DA84528A9777200709B00 /* Project object */;
}
